// !$*UTF8*$!
{
	archiveVersion = 1;
	classes = {
	};
	objectVersion = 50;
	objects = {

/* Begin PBXBuildFile section */
		8F99004223A8D9290012BF88 /* UIColor+Extension.swift in Sources */ = {isa = PBXBuildFile; fileRef = 8F99003623A8D9290012BF88 /* UIColor+Extension.swift */; };
		8F99004323A8D9290012BF88 /* Date+Extension.swift in Sources */ = {isa = PBXBuildFile; fileRef = 8F99003723A8D9290012BF88 /* Date+Extension.swift */; };
		8F99004423A8D9290012BF88 /* UIView+Extension.swift in Sources */ = {isa = PBXBuildFile; fileRef = 8F99003823A8D9290012BF88 /* UIView+Extension.swift */; };
		8F99004523A8D9290012BF88 /* UIViewController+Extension.swift in Sources */ = {isa = PBXBuildFile; fileRef = 8F99003923A8D9290012BF88 /* UIViewController+Extension.swift */; };
		8F99004623A8D9290012BF88 /* UIStackview+Extension.swift in Sources */ = {isa = PBXBuildFile; fileRef = 8F99003A23A8D9290012BF88 /* UIStackview+Extension.swift */; };
		8F99004723A8D9290012BF88 /* ApiError.swift in Sources */ = {isa = PBXBuildFile; fileRef = 8F99003C23A8D9290012BF88 /* ApiError.swift */; };
		8F99004823A8D9290012BF88 /* Networker.swift in Sources */ = {isa = PBXBuildFile; fileRef = 8F99003D23A8D9290012BF88 /* Networker.swift */; };
		8F99004923A8D9290012BF88 /* UrlConstants.swift in Sources */ = {isa = PBXBuildFile; fileRef = 8F99003E23A8D9290012BF88 /* UrlConstants.swift */; };
		8F99004A23A8D9290012BF88 /* WeatherService.swift in Sources */ = {isa = PBXBuildFile; fileRef = 8F99004023A8D9290012BF88 /* WeatherService.swift */; };
		8F99004B23A8D9290012BF88 /* LocationService.swift in Sources */ = {isa = PBXBuildFile; fileRef = 8F99004123A8D9290012BF88 /* LocationService.swift */; };
		8F99004D23A933B00012BF88 /* Forecast.swift in Sources */ = {isa = PBXBuildFile; fileRef = 8F99004C23A933B00012BF88 /* Forecast.swift */; };
		8F99004F23A9345A0012BF88 /* UserDefaultService.swift in Sources */ = {isa = PBXBuildFile; fileRef = 8F99004E23A9345A0012BF88 /* UserDefaultService.swift */; };
		8F99005123A940F50012BF88 /* WeatherCell.swift in Sources */ = {isa = PBXBuildFile; fileRef = 8F99005023A940F50012BF88 /* WeatherCell.swift */; };
		8F99005323AA2B7A0012BF88 /* WeatherDataSource.swift in Sources */ = {isa = PBXBuildFile; fileRef = 8F99005223AA2B7A0012BF88 /* WeatherDataSource.swift */; };
		8F99005B23AA871E0012BF88 /* Weather_MVPTests.swift in Sources */ = {isa = PBXBuildFile; fileRef = 8F99005A23AA871E0012BF88 /* Weather_MVPTests.swift */; };
		8F99006323AA87AF0012BF88 /* NetworkerTest.swift in Sources */ = {isa = PBXBuildFile; fileRef = 8F99006223AA87AF0012BF88 /* NetworkerTest.swift */; };
		8FBED0F423A803BC00C132D9 /* AppDelegate.swift in Sources */ = {isa = PBXBuildFile; fileRef = 8FBED0F323A803BC00C132D9 /* AppDelegate.swift */; };
		8FBED0F623A803BC00C132D9 /* SceneDelegate.swift in Sources */ = {isa = PBXBuildFile; fileRef = 8FBED0F523A803BC00C132D9 /* SceneDelegate.swift */; };
		8FBED0FB23A803BC00C132D9 /* Main.storyboard in Resources */ = {isa = PBXBuildFile; fileRef = 8FBED0F923A803BC00C132D9 /* Main.storyboard */; };
		8FBED0FD23A803BE00C132D9 /* Assets.xcassets in Resources */ = {isa = PBXBuildFile; fileRef = 8FBED0FC23A803BE00C132D9 /* Assets.xcassets */; };
		8FBED10023A803BE00C132D9 /* LaunchScreen.storyboard in Resources */ = {isa = PBXBuildFile; fileRef = 8FBED0FE23A803BE00C132D9 /* LaunchScreen.storyboard */; };
		8FBED10823A808A400C132D9 /* WeatherViewController.swift in Sources */ = {isa = PBXBuildFile; fileRef = 8FBED10723A808A400C132D9 /* WeatherViewController.swift */; };
		8FBED10C23A80A3600C132D9 /* WeatherPresenter.swift in Sources */ = {isa = PBXBuildFile; fileRef = 8FBED10B23A80A3600C132D9 /* WeatherPresenter.swift */; };
/* End PBXBuildFile section */

/* Begin PBXContainerItemProxy section */
		8F99005D23AA871E0012BF88 /* PBXContainerItemProxy */ = {
			isa = PBXContainerItemProxy;
			containerPortal = 8FBED0E823A803BC00C132D9 /* Project object */;
			proxyType = 1;
			remoteGlobalIDString = 8FBED0EF23A803BC00C132D9;
			remoteInfo = "Weather-MVP";
		};
/* End PBXContainerItemProxy section */

/* Begin PBXFileReference section */
		8F99003623A8D9290012BF88 /* UIColor+Extension.swift */ = {isa = PBXFileReference; fileEncoding = 4; lastKnownFileType = sourcecode.swift; path = "UIColor+Extension.swift"; sourceTree = "<group>"; };
		8F99003723A8D9290012BF88 /* Date+Extension.swift */ = {isa = PBXFileReference; fileEncoding = 4; lastKnownFileType = sourcecode.swift; path = "Date+Extension.swift"; sourceTree = "<group>"; };
		8F99003823A8D9290012BF88 /* UIView+Extension.swift */ = {isa = PBXFileReference; fileEncoding = 4; lastKnownFileType = sourcecode.swift; path = "UIView+Extension.swift"; sourceTree = "<group>"; };
		8F99003923A8D9290012BF88 /* UIViewController+Extension.swift */ = {isa = PBXFileReference; fileEncoding = 4; lastKnownFileType = sourcecode.swift; path = "UIViewController+Extension.swift"; sourceTree = "<group>"; };
		8F99003A23A8D9290012BF88 /* UIStackview+Extension.swift */ = {isa = PBXFileReference; fileEncoding = 4; lastKnownFileType = sourcecode.swift; path = "UIStackview+Extension.swift"; sourceTree = "<group>"; };
		8F99003C23A8D9290012BF88 /* ApiError.swift */ = {isa = PBXFileReference; fileEncoding = 4; lastKnownFileType = sourcecode.swift; path = ApiError.swift; sourceTree = "<group>"; };
		8F99003D23A8D9290012BF88 /* Networker.swift */ = {isa = PBXFileReference; fileEncoding = 4; lastKnownFileType = sourcecode.swift; path = Networker.swift; sourceTree = "<group>"; };
		8F99003E23A8D9290012BF88 /* UrlConstants.swift */ = {isa = PBXFileReference; fileEncoding = 4; lastKnownFileType = sourcecode.swift; path = UrlConstants.swift; sourceTree = "<group>"; };
		8F99004023A8D9290012BF88 /* WeatherService.swift */ = {isa = PBXFileReference; fileEncoding = 4; lastKnownFileType = sourcecode.swift; path = WeatherService.swift; sourceTree = "<group>"; };
		8F99004123A8D9290012BF88 /* LocationService.swift */ = {isa = PBXFileReference; fileEncoding = 4; lastKnownFileType = sourcecode.swift; path = LocationService.swift; sourceTree = "<group>"; };
		8F99004C23A933B00012BF88 /* Forecast.swift */ = {isa = PBXFileReference; fileEncoding = 4; lastKnownFileType = sourcecode.swift; path = Forecast.swift; sourceTree = "<group>"; };
		8F99004E23A9345A0012BF88 /* UserDefaultService.swift */ = {isa = PBXFileReference; fileEncoding = 4; lastKnownFileType = sourcecode.swift; path = UserDefaultService.swift; sourceTree = "<group>"; };
		8F99005023A940F50012BF88 /* WeatherCell.swift */ = {isa = PBXFileReference; fileEncoding = 4; lastKnownFileType = sourcecode.swift; path = WeatherCell.swift; sourceTree = "<group>"; };
		8F99005223AA2B7A0012BF88 /* WeatherDataSource.swift */ = {isa = PBXFileReference; fileEncoding = 4; lastKnownFileType = sourcecode.swift; path = WeatherDataSource.swift; sourceTree = "<group>"; };
		8F99005823AA871E0012BF88 /* Weather-MVPTests.xctest */ = {isa = PBXFileReference; explicitFileType = wrapper.cfbundle; includeInIndex = 0; path = "Weather-MVPTests.xctest"; sourceTree = BUILT_PRODUCTS_DIR; };
		8F99005A23AA871E0012BF88 /* Weather_MVPTests.swift */ = {isa = PBXFileReference; lastKnownFileType = sourcecode.swift; path = Weather_MVPTests.swift; sourceTree = "<group>"; };
		8F99005C23AA871E0012BF88 /* Info.plist */ = {isa = PBXFileReference; lastKnownFileType = text.plist.xml; path = Info.plist; sourceTree = "<group>"; };
		8F99006223AA87AF0012BF88 /* NetworkerTest.swift */ = {isa = PBXFileReference; fileEncoding = 4; lastKnownFileType = sourcecode.swift; path = NetworkerTest.swift; sourceTree = "<group>"; };
		8FBED0F023A803BC00C132D9 /* Weather-MVP.app */ = {isa = PBXFileReference; explicitFileType = wrapper.application; includeInIndex = 0; path = "Weather-MVP.app"; sourceTree = BUILT_PRODUCTS_DIR; };
		8FBED0F323A803BC00C132D9 /* AppDelegate.swift */ = {isa = PBXFileReference; lastKnownFileType = sourcecode.swift; path = AppDelegate.swift; sourceTree = "<group>"; };
		8FBED0F523A803BC00C132D9 /* SceneDelegate.swift */ = {isa = PBXFileReference; lastKnownFileType = sourcecode.swift; path = SceneDelegate.swift; sourceTree = "<group>"; };
		8FBED0FA23A803BC00C132D9 /* Base */ = {isa = PBXFileReference; lastKnownFileType = file.storyboard; name = Base; path = Base.lproj/Main.storyboard; sourceTree = "<group>"; };
		8FBED0FC23A803BE00C132D9 /* Assets.xcassets */ = {isa = PBXFileReference; lastKnownFileType = folder.assetcatalog; path = Assets.xcassets; sourceTree = "<group>"; };
		8FBED0FF23A803BE00C132D9 /* Base */ = {isa = PBXFileReference; lastKnownFileType = file.storyboard; name = Base; path = Base.lproj/LaunchScreen.storyboard; sourceTree = "<group>"; };
		8FBED10123A803BE00C132D9 /* Info.plist */ = {isa = PBXFileReference; lastKnownFileType = text.plist.xml; path = Info.plist; sourceTree = "<group>"; };
		8FBED10723A808A400C132D9 /* WeatherViewController.swift */ = {isa = PBXFileReference; lastKnownFileType = sourcecode.swift; path = WeatherViewController.swift; sourceTree = "<group>"; };
		8FBED10B23A80A3600C132D9 /* WeatherPresenter.swift */ = {isa = PBXFileReference; lastKnownFileType = sourcecode.swift; path = WeatherPresenter.swift; sourceTree = "<group>"; };
/* End PBXFileReference section */

/* Begin PBXFrameworksBuildPhase section */
		8F99005523AA871E0012BF88 /* Frameworks */ = {
			isa = PBXFrameworksBuildPhase;
			buildActionMask = 2147483647;
			files = (
			);
			runOnlyForDeploymentPostprocessing = 0;
		};
		8FBED0ED23A803BC00C132D9 /* Frameworks */ = {
			isa = PBXFrameworksBuildPhase;
			buildActionMask = 2147483647;
			files = (
			);
			runOnlyForDeploymentPostprocessing = 0;
		};
/* End PBXFrameworksBuildPhase section */

/* Begin PBXGroup section */
		8F99003523A8D9290012BF88 /* extensions */ = {
			isa = PBXGroup;
			children = (
				8F99003623A8D9290012BF88 /* UIColor+Extension.swift */,
				8F99003723A8D9290012BF88 /* Date+Extension.swift */,
				8F99003823A8D9290012BF88 /* UIView+Extension.swift */,
				8F99003923A8D9290012BF88 /* UIViewController+Extension.swift */,
				8F99003A23A8D9290012BF88 /* UIStackview+Extension.swift */,
			);
			path = extensions;
			sourceTree = "<group>";
		};
		8F99003B23A8D9290012BF88 /* network */ = {
			isa = PBXGroup;
			children = (
				8F99003C23A8D9290012BF88 /* ApiError.swift */,
				8F99003D23A8D9290012BF88 /* Networker.swift */,
			);
			path = network;
			sourceTree = "<group>";
		};
		8F99003F23A8D9290012BF88 /* services */ = {
			isa = PBXGroup;
			children = (
				8F99004E23A9345A0012BF88 /* UserDefaultService.swift */,
				8F99004023A8D9290012BF88 /* WeatherService.swift */,
				8F99004123A8D9290012BF88 /* LocationService.swift */,
			);
			path = services;
			sourceTree = "<group>";
		};
		8F99005923AA871E0012BF88 /* Weather-MVPTests */ = {
			isa = PBXGroup;
			children = (
				8F99006223AA87AF0012BF88 /* NetworkerTest.swift */,
				8F99005A23AA871E0012BF88 /* Weather_MVPTests.swift */,
				8F99005C23AA871E0012BF88 /* Info.plist */,
			);
			path = "Weather-MVPTests";
			sourceTree = "<group>";
		};
		8FBED0E723A803BC00C132D9 = {
			isa = PBXGroup;
			children = (
				8FBED0F223A803BC00C132D9 /* Weather-MVP */,
				8F99005923AA871E0012BF88 /* Weather-MVPTests */,
				8FBED0F123A803BC00C132D9 /* Products */,
			);
			sourceTree = "<group>";
		};
		8FBED0F123A803BC00C132D9 /* Products */ = {
			isa = PBXGroup;
			children = (
				8FBED0F023A803BC00C132D9 /* Weather-MVP.app */,
				8F99005823AA871E0012BF88 /* Weather-MVPTests.xctest */,
			);
			name = Products;
			sourceTree = "<group>";
		};
		8FBED0F223A803BC00C132D9 /* Weather-MVP */ = {
			isa = PBXGroup;
			children = (
				8FBED10A23A809A100C132D9 /* forecast */,
				8FBED10923A8099B00C132D9 /* common */,
				8FBED0F323A803BC00C132D9 /* AppDelegate.swift */,
				8FBED0F523A803BC00C132D9 /* SceneDelegate.swift */,
				8FBED0F923A803BC00C132D9 /* Main.storyboard */,
				8FBED0FC23A803BE00C132D9 /* Assets.xcassets */,
				8FBED0FE23A803BE00C132D9 /* LaunchScreen.storyboard */,
				8FBED10123A803BE00C132D9 /* Info.plist */,
			);
			path = "Weather-MVP";
			sourceTree = "<group>";
		};
		8FBED10923A8099B00C132D9 /* common */ = {
			isa = PBXGroup;
			children = (
				8F99003523A8D9290012BF88 /* extensions */,
				8F99003B23A8D9290012BF88 /* network */,
				8F99003F23A8D9290012BF88 /* services */,
				8F99003E23A8D9290012BF88 /* UrlConstants.swift */,
			);
			path = common;
			sourceTree = "<group>";
		};
		8FBED10A23A809A100C132D9 /* forecast */ = {
			isa = PBXGroup;
			children = (
				8F99005223AA2B7A0012BF88 /* WeatherDataSource.swift */,
				8F99005023A940F50012BF88 /* WeatherCell.swift */,
				8F99004C23A933B00012BF88 /* Forecast.swift */,
				8FBED10723A808A400C132D9 /* WeatherViewController.swift */,
				8FBED10B23A80A3600C132D9 /* WeatherPresenter.swift */,
			);
			path = forecast;
			sourceTree = "<group>";
		};
/* End PBXGroup section */

/* Begin PBXNativeTarget section */
		8F99005723AA871E0012BF88 /* Weather-MVPTests */ = {
			isa = PBXNativeTarget;
			buildConfigurationList = 8F99005F23AA871E0012BF88 /* Build configuration list for PBXNativeTarget "Weather-MVPTests" */;
			buildPhases = (
				8F99005423AA871E0012BF88 /* Sources */,
				8F99005523AA871E0012BF88 /* Frameworks */,
				8F99005623AA871E0012BF88 /* Resources */,
			);
			buildRules = (
			);
			dependencies = (
				8F99005E23AA871E0012BF88 /* PBXTargetDependency */,
			);
			name = "Weather-MVPTests";
			productName = "Weather-MVPTests";
			productReference = 8F99005823AA871E0012BF88 /* Weather-MVPTests.xctest */;
			productType = "com.apple.product-type.bundle.unit-test";
		};
		8FBED0EF23A803BC00C132D9 /* Weather-MVP */ = {
			isa = PBXNativeTarget;
			buildConfigurationList = 8FBED10423A803BE00C132D9 /* Build configuration list for PBXNativeTarget "Weather-MVP" */;
			buildPhases = (
				8FBED0EC23A803BC00C132D9 /* Sources */,
				8FBED0ED23A803BC00C132D9 /* Frameworks */,
				8FBED0EE23A803BC00C132D9 /* Resources */,
			);
			buildRules = (
			);
			dependencies = (
			);
			name = "Weather-MVP";
			productName = "Weather-MVP";
			productReference = 8FBED0F023A803BC00C132D9 /* Weather-MVP.app */;
			productType = "com.apple.product-type.application";
		};
/* End PBXNativeTarget section */

/* Begin PBXProject section */
		8FBED0E823A803BC00C132D9 /* Project object */ = {
			isa = PBXProject;
			attributes = {
				LastSwiftUpdateCheck = 1120;
				LastUpgradeCheck = 1120;
				ORGANIZATIONNAME = "Godwin Olorunshola";
				TargetAttributes = {
					8F99005723AA871E0012BF88 = {
						CreatedOnToolsVersion = 11.2.1;
						TestTargetID = 8FBED0EF23A803BC00C132D9;
					};
					8FBED0EF23A803BC00C132D9 = {
						CreatedOnToolsVersion = 11.2.1;
					};
				};
			};
			buildConfigurationList = 8FBED0EB23A803BC00C132D9 /* Build configuration list for PBXProject "Weather-MVP" */;
			compatibilityVersion = "Xcode 9.3";
			developmentRegion = en;
			hasScannedForEncodings = 0;
			knownRegions = (
				en,
				Base,
			);
			mainGroup = 8FBED0E723A803BC00C132D9;
			productRefGroup = 8FBED0F123A803BC00C132D9 /* Products */;
			projectDirPath = "";
			projectRoot = "";
			targets = (
				8FBED0EF23A803BC00C132D9 /* Weather-MVP */,
				8F99005723AA871E0012BF88 /* Weather-MVPTests */,
			);
		};
/* End PBXProject section */

/* Begin PBXResourcesBuildPhase section */
		8F99005623AA871E0012BF88 /* Resources */ = {
			isa = PBXResourcesBuildPhase;
			buildActionMask = 2147483647;
			files = (
			);
			runOnlyForDeploymentPostprocessing = 0;
		};
		8FBED0EE23A803BC00C132D9 /* Resources */ = {
			isa = PBXResourcesBuildPhase;
			buildActionMask = 2147483647;
			files = (
				8FBED10023A803BE00C132D9 /* LaunchScreen.storyboard in Resources */,
				8FBED0FD23A803BE00C132D9 /* Assets.xcassets in Resources */,
				8FBED0FB23A803BC00C132D9 /* Main.storyboard in Resources */,
			);
			runOnlyForDeploymentPostprocessing = 0;
		};
/* End PBXResourcesBuildPhase section */

/* Begin PBXSourcesBuildPhase section */
		8F99005423AA871E0012BF88 /* Sources */ = {
			isa = PBXSourcesBuildPhase;
			buildActionMask = 2147483647;
			files = (
				8F99005B23AA871E0012BF88 /* Weather_MVPTests.swift in Sources */,
				8F99006323AA87AF0012BF88 /* NetworkerTest.swift in Sources */,
			);
			runOnlyForDeploymentPostprocessing = 0;
		};
		8FBED0EC23A803BC00C132D9 /* Sources */ = {
			isa = PBXSourcesBuildPhase;
			buildActionMask = 2147483647;
			files = (
				8F99004F23A9345A0012BF88 /* UserDefaultService.swift in Sources */,
				8F99004D23A933B00012BF88 /* Forecast.swift in Sources */,
				8F99004723A8D9290012BF88 /* ApiError.swift in Sources */,
				8F99004523A8D9290012BF88 /* UIViewController+Extension.swift in Sources */,
				8FBED10C23A80A3600C132D9 /* WeatherPresenter.swift in Sources */,
				8F99004423A8D9290012BF88 /* UIView+Extension.swift in Sources */,
				8F99004923A8D9290012BF88 /* UrlConstants.swift in Sources */,
				8F99004A23A8D9290012BF88 /* WeatherService.swift in Sources */,
				8F99004B23A8D9290012BF88 /* LocationService.swift in Sources */,
				8FBED10823A808A400C132D9 /* WeatherViewController.swift in Sources */,
				8F99004623A8D9290012BF88 /* UIStackview+Extension.swift in Sources */,
				8F99005323AA2B7A0012BF88 /* WeatherDataSource.swift in Sources */,
				8F99004223A8D9290012BF88 /* UIColor+Extension.swift in Sources */,
				8F99004323A8D9290012BF88 /* Date+Extension.swift in Sources */,
				8F99005123A940F50012BF88 /* WeatherCell.swift in Sources */,
				8FBED0F423A803BC00C132D9 /* AppDelegate.swift in Sources */,
				8FBED0F623A803BC00C132D9 /* SceneDelegate.swift in Sources */,
				8F99004823A8D9290012BF88 /* Networker.swift in Sources */,
			);
			runOnlyForDeploymentPostprocessing = 0;
		};
/* End PBXSourcesBuildPhase section */

/* Begin PBXTargetDependency section */
		8F99005E23AA871E0012BF88 /* PBXTargetDependency */ = {
			isa = PBXTargetDependency;
			target = 8FBED0EF23A803BC00C132D9 /* Weather-MVP */;
			targetProxy = 8F99005D23AA871E0012BF88 /* PBXContainerItemProxy */;
		};
/* End PBXTargetDependency section */

/* Begin PBXVariantGroup section */
		8FBED0F923A803BC00C132D9 /* Main.storyboard */ = {
			isa = PBXVariantGroup;
			children = (
				8FBED0FA23A803BC00C132D9 /* Base */,
			);
			name = Main.storyboard;
			sourceTree = "<group>";
		};
		8FBED0FE23A803BE00C132D9 /* LaunchScreen.storyboard */ = {
			isa = PBXVariantGroup;
			children = (
				8FBED0FF23A803BE00C132D9 /* Base */,
			);
			name = LaunchScreen.storyboard;
			sourceTree = "<group>";
		};
/* End PBXVariantGroup section */

/* Begin XCBuildConfiguration section */
		8F99006023AA871E0012BF88 /* Debug */ = {
			isa = XCBuildConfiguration;
			buildSettings = {
				BUNDLE_LOADER = "$(TEST_HOST)";
				CODE_SIGN_STYLE = Automatic;
				DEVELOPMENT_TEAM = CMB2A72R2F;
				INFOPLIST_FILE = "Weather-MVPTests/Info.plist";
				LD_RUNPATH_SEARCH_PATHS = (
					"$(inherited)",
					"@executable_path/Frameworks",
					"@loader_path/Frameworks",
				);
				PRODUCT_BUNDLE_IDENTIFIER = "gtwatt.Weather-MVPTests";
				PRODUCT_NAME = "$(TARGET_NAME)";
				SWIFT_VERSION = 5.0;
				TARGETED_DEVICE_FAMILY = "1,2";
				TEST_HOST = "$(BUILT_PRODUCTS_DIR)/Weather-MVP.app/Weather-MVP";
			};
			name = Debug;
		};
		8F99006123AA871E0012BF88 /* Release */ = {
			isa = XCBuildConfiguration;
			buildSettings = {
				BUNDLE_LOADER = "$(TEST_HOST)";
				CODE_SIGN_STYLE = Automatic;
				DEVELOPMENT_TEAM = CMB2A72R2F;
				INFOPLIST_FILE = "Weather-MVPTests/Info.plist";
				LD_RUNPATH_SEARCH_PATHS = (
					"$(inherited)",
					"@executable_path/Frameworks",
					"@loader_path/Frameworks",
				);
				PRODUCT_BUNDLE_IDENTIFIER = "gtwatt.Weather-MVPTests";
				PRODUCT_NAME = "$(TARGET_NAME)";
				SWIFT_VERSION = 5.0;
				TARGETED_DEVICE_FAMILY = "1,2";
				TEST_HOST = "$(BUILT_PRODUCTS_DIR)/Weather-MVP.app/Weather-MVP";
			};
			name = Release;
		};
		8FBED10223A803BE00C132D9 /* Debug */ = {
			isa = XCBuildConfiguration;
			buildSettings = {
				ALWAYS_SEARCH_USER_PATHS = NO;
				CLANG_ANALYZER_NONNULL = YES;
				CLANG_ANALYZER_NUMBER_OBJECT_CONVERSION = YES_AGGRESSIVE;
				CLANG_CXX_LANGUAGE_STANDARD = "gnu++14";
				CLANG_CXX_LIBRARY = "libc++";
				CLANG_ENABLE_MODULES = YES;
				CLANG_ENABLE_OBJC_ARC = YES;
				CLANG_ENABLE_OBJC_WEAK = YES;
				CLANG_WARN_BLOCK_CAPTURE_AUTORELEASING = YES;
				CLANG_WARN_BOOL_CONVERSION = YES;
				CLANG_WARN_COMMA = YES;
				CLANG_WARN_CONSTANT_CONVERSION = YES;
				CLANG_WARN_DEPRECATED_OBJC_IMPLEMENTATIONS = YES;
				CLANG_WARN_DIRECT_OBJC_ISA_USAGE = YES_ERROR;
				CLANG_WARN_DOCUMENTATION_COMMENTS = YES;
				CLANG_WARN_EMPTY_BODY = YES;
				CLANG_WARN_ENUM_CONVERSION = YES;
				CLANG_WARN_INFINITE_RECURSION = YES;
				CLANG_WARN_INT_CONVERSION = YES;
				CLANG_WARN_NON_LITERAL_NULL_CONVERSION = YES;
				CLANG_WARN_OBJC_IMPLICIT_RETAIN_SELF = YES;
				CLANG_WARN_OBJC_LITERAL_CONVERSION = YES;
				CLANG_WARN_OBJC_ROOT_CLASS = YES_ERROR;
				CLANG_WARN_RANGE_LOOP_ANALYSIS = YES;
				CLANG_WARN_STRICT_PROTOTYPES = YES;
				CLANG_WARN_SUSPICIOUS_MOVE = YES;
				CLANG_WARN_UNGUARDED_AVAILABILITY = YES_AGGRESSIVE;
				CLANG_WARN_UNREACHABLE_CODE = YES;
				CLANG_WARN__DUPLICATE_METHOD_MATCH = YES;
				COPY_PHASE_STRIP = NO;
				DEBUG_INFORMATION_FORMAT = dwarf;
				ENABLE_STRICT_OBJC_MSGSEND = YES;
				ENABLE_TESTABILITY = YES;
				GCC_C_LANGUAGE_STANDARD = gnu11;
				GCC_DYNAMIC_NO_PIC = NO;
				GCC_NO_COMMON_BLOCKS = YES;
				GCC_OPTIMIZATION_LEVEL = 0;
				GCC_PREPROCESSOR_DEFINITIONS = (
					"DEBUG=1",
					"$(inherited)",
				);
				GCC_WARN_64_TO_32_BIT_CONVERSION = YES;
				GCC_WARN_ABOUT_RETURN_TYPE = YES_ERROR;
				GCC_WARN_UNDECLARED_SELECTOR = YES;
				GCC_WARN_UNINITIALIZED_AUTOS = YES_AGGRESSIVE;
				GCC_WARN_UNUSED_FUNCTION = YES;
				GCC_WARN_UNUSED_VARIABLE = YES;
				IPHONEOS_DEPLOYMENT_TARGET = 13.2;
				MTL_ENABLE_DEBUG_INFO = INCLUDE_SOURCE;
				MTL_FAST_MATH = YES;
				ONLY_ACTIVE_ARCH = YES;
				SDKROOT = iphoneos;
				SWIFT_ACTIVE_COMPILATION_CONDITIONS = DEBUG;
				SWIFT_OPTIMIZATION_LEVEL = "-Onone";
			};
			name = Debug;
		};
		8FBED10323A803BE00C132D9 /* Release */ = {
			isa = XCBuildConfiguration;
			buildSettings = {
				ALWAYS_SEARCH_USER_PATHS = NO;
				CLANG_ANALYZER_NONNULL = YES;
				CLANG_ANALYZER_NUMBER_OBJECT_CONVERSION = YES_AGGRESSIVE;
				CLANG_CXX_LANGUAGE_STANDARD = "gnu++14";
				CLANG_CXX_LIBRARY = "libc++";
				CLANG_ENABLE_MODULES = YES;
				CLANG_ENABLE_OBJC_ARC = YES;
				CLANG_ENABLE_OBJC_WEAK = YES;
				CLANG_WARN_BLOCK_CAPTURE_AUTORELEASING = YES;
				CLANG_WARN_BOOL_CONVERSION = YES;
				CLANG_WARN_COMMA = YES;
				CLANG_WARN_CONSTANT_CONVERSION = YES;
				CLANG_WARN_DEPRECATED_OBJC_IMPLEMENTATIONS = YES;
				CLANG_WARN_DIRECT_OBJC_ISA_USAGE = YES_ERROR;
				CLANG_WARN_DOCUMENTATION_COMMENTS = YES;
				CLANG_WARN_EMPTY_BODY = YES;
				CLANG_WARN_ENUM_CONVERSION = YES;
				CLANG_WARN_INFINITE_RECURSION = YES;
				CLANG_WARN_INT_CONVERSION = YES;
				CLANG_WARN_NON_LITERAL_NULL_CONVERSION = YES;
				CLANG_WARN_OBJC_IMPLICIT_RETAIN_SELF = YES;
				CLANG_WARN_OBJC_LITERAL_CONVERSION = YES;
				CLANG_WARN_OBJC_ROOT_CLASS = YES_ERROR;
				CLANG_WARN_RANGE_LOOP_ANALYSIS = YES;
				CLANG_WARN_STRICT_PROTOTYPES = YES;
				CLANG_WARN_SUSPICIOUS_MOVE = YES;
				CLANG_WARN_UNGUARDED_AVAILABILITY = YES_AGGRESSIVE;
				CLANG_WARN_UNREACHABLE_CODE = YES;
				CLANG_WARN__DUPLICATE_METHOD_MATCH = YES;
				COPY_PHASE_STRIP = NO;
				DEBUG_INFORMATION_FORMAT = "dwarf-with-dsym";
				ENABLE_NS_ASSERTIONS = NO;
				ENABLE_STRICT_OBJC_MSGSEND = YES;
				GCC_C_LANGUAGE_STANDARD = gnu11;
				GCC_NO_COMMON_BLOCKS = YES;
				GCC_WARN_64_TO_32_BIT_CONVERSION = YES;
				GCC_WARN_ABOUT_RETURN_TYPE = YES_ERROR;
				GCC_WARN_UNDECLARED_SELECTOR = YES;
				GCC_WARN_UNINITIALIZED_AUTOS = YES_AGGRESSIVE;
				GCC_WARN_UNUSED_FUNCTION = YES;
				GCC_WARN_UNUSED_VARIABLE = YES;
				IPHONEOS_DEPLOYMENT_TARGET = 13.2;
				MTL_ENABLE_DEBUG_INFO = NO;
				MTL_FAST_MATH = YES;
				SDKROOT = iphoneos;
				SWIFT_COMPILATION_MODE = wholemodule;
				SWIFT_OPTIMIZATION_LEVEL = "-O";
				VALIDATE_PRODUCT = YES;
			};
			name = Release;
		};
		8FBED10523A803BE00C132D9 /* Debug */ = {
			isa = XCBuildConfiguration;
			buildSettings = {
				ASSETCATALOG_COMPILER_APPICON_NAME = AppIcon;
				CODE_SIGN_STYLE = Automatic;
				DEVELOPMENT_TEAM = CMB2A72R2F;
				INFOPLIST_FILE = "Weather-MVP/Info.plist";
				LD_RUNPATH_SEARCH_PATHS = (
					"$(inherited)",
					"@executable_path/Frameworks",
				);
				PRODUCT_BUNDLE_IDENTIFIER = "gtwatt.Weather-MVP";
				PRODUCT_NAME = "$(TARGET_NAME)";
				SWIFT_VERSION = 5.0;
				TARGETED_DEVICE_FAMILY = "1,2";
			};
			name = Debug;
		};
		8FBED10623A803BE00C132D9 /* Release */ = {
			isa = XCBuildConfiguration;
			buildSettings = {
				ASSETCATALOG_COMPILER_APPICON_NAME = AppIcon;
				CODE_SIGN_STYLE = Automatic;
				DEVELOPMENT_TEAM = CMB2A72R2F;
				INFOPLIST_FILE = "Weather-MVP/Info.plist";
				LD_RUNPATH_SEARCH_PATHS = (
					"$(inherited)",
					"@executable_path/Frameworks",
				);
				PRODUCT_BUNDLE_IDENTIFIER = "gtwatt.Weather-MVP";
				PRODUCT_NAME = "$(TARGET_NAME)";
				SWIFT_VERSION = 5.0;
				TARGETED_DEVICE_FAMILY = "1,2";
			};
			name = Release;
		};
/* End XCBuildConfiguration section */

/* Begin XCConfigurationList section */
		8F99005F23AA871E0012BF88 /* Build configuration list for PBXNativeTarget "Weather-MVPTests" */ = {
			isa = XCConfigurationList;
			buildConfigurations = (
				8F99006023AA871E0012BF88 /* Debug */,
				8F99006123AA871E0012BF88 /* Release */,
			);
			defaultConfigurationIsVisible = 0;
			defaultConfigurationName = Release;
		};
		8FBED0EB23A803BC00C132D9 /* Build configuration list for PBXProject "Weather-MVP" */ = {
			isa = XCConfigurationList;
			buildConfigurations = (
				8FBED10223A803BE00C132D9 /* Debug */,
				8FBED10323A803BE00C132D9 /* Release */,
			);
			defaultConfigurationIsVisible = 0;
			defaultConfigurationName = Release;
		};
		8FBED10423A803BE00C132D9 /* Build configuration list for PBXNativeTarget "Weather-MVP" */ = {
			isa = XCConfigurationList;
			buildConfigurations = (
				8FBED10523A803BE00C132D9 /* Debug */,
				8FBED10623A803BE00C132D9 /* Release */,
			);
			defaultConfigurationIsVisible = 0;
			defaultConfigurationName = Release;
		};
/* End XCConfigurationList section */
	};
	rootObject = 8FBED0E823A803BC00C132D9 /* Project object */;
}
